// !$*UTF8*$!
{
	archiveVersion = 1;
	classes = {
	};
	objectVersion = 46;
	objects = {

/* Begin PBXBuildFile section */
		711D1E611EC77A820010D90C /* AppDelegate.swift in Sources */ = {isa = PBXBuildFile; fileRef = 711D1E601EC77A820010D90C /* AppDelegate.swift */; };
		711D1E631EC77A820010D90C /* ViewController.swift in Sources */ = {isa = PBXBuildFile; fileRef = 711D1E621EC77A820010D90C /* ViewController.swift */; };
		711D1E661EC77A820010D90C /* Main.storyboard in Resources */ = {isa = PBXBuildFile; fileRef = 711D1E641EC77A820010D90C /* Main.storyboard */; };
		711D1E691EC77A820010D90C /* Calculus.xcdatamodeld in Sources */ = {isa = PBXBuildFile; fileRef = 711D1E671EC77A820010D90C /* Calculus.xcdatamodeld */; };
		711D1E6E1EC77A820010D90C /* LaunchScreen.storyboard in Resources */ = {isa = PBXBuildFile; fileRef = 711D1E6C1EC77A820010D90C /* LaunchScreen.storyboard */; };
		71479B221EE24A5C00DA58B5 /* Calculus Logo.png in Resources */ = {isa = PBXBuildFile; fileRef = 71479B211EE24A5C00DA58B5 /* Calculus Logo.png */; };
		71479B261EE2551600DA58B5 /* AppIcon.appiconset in Resources */ = {isa = PBXBuildFile; fileRef = 71479B251EE2551600DA58B5 /* AppIcon.appiconset */; };
		71479B281EE255B100DA58B5 /* Images.xcassets in Resources */ = {isa = PBXBuildFile; fileRef = 71479B271EE255B100DA58B5 /* Images.xcassets */; };
		717C88771ED02BAD00C18033 /* CalculatorEngine.swift in Sources */ = {isa = PBXBuildFile; fileRef = 717C88761ED02BAD00C18033 /* CalculatorEngine.swift */; };
		71C6736E1ED23326000CFF5A /* TapeStack.swift in Sources */ = {isa = PBXBuildFile; fileRef = 71C6736D1ED23326000CFF5A /* TapeStack.swift */; };
/* End PBXBuildFile section */

/* Begin PBXFileReference section */
		711D1E5D1EC77A820010D90C /* Calculus.app */ = {isa = PBXFileReference; explicitFileType = wrapper.application; includeInIndex = 0; path = Calculus.app; sourceTree = BUILT_PRODUCTS_DIR; };
		711D1E601EC77A820010D90C /* AppDelegate.swift */ = {isa = PBXFileReference; lastKnownFileType = sourcecode.swift; path = AppDelegate.swift; sourceTree = "<group>"; };
		711D1E621EC77A820010D90C /* ViewController.swift */ = {isa = PBXFileReference; lastKnownFileType = sourcecode.swift; path = ViewController.swift; sourceTree = "<group>"; };
		711D1E651EC77A820010D90C /* Base */ = {isa = PBXFileReference; lastKnownFileType = file.storyboard; name = Base; path = Base.lproj/Main.storyboard; sourceTree = "<group>"; };
		711D1E681EC77A820010D90C /* Calculus.xcdatamodel */ = {isa = PBXFileReference; lastKnownFileType = wrapper.xcdatamodel; path = Calculus.xcdatamodel; sourceTree = "<group>"; };
		711D1E6D1EC77A820010D90C /* Base */ = {isa = PBXFileReference; lastKnownFileType = file.storyboard; name = Base; path = Base.lproj/LaunchScreen.storyboard; sourceTree = "<group>"; };
		711D1E6F1EC77A820010D90C /* Info.plist */ = {isa = PBXFileReference; lastKnownFileType = text.plist.xml; path = Info.plist; sourceTree = "<group>"; };
		71479B211EE24A5C00DA58B5 /* Calculus Logo.png */ = {isa = PBXFileReference; lastKnownFileType = image.png; name = "Calculus Logo.png"; path = "../../../../Volumes/TymSpy/Calculus Logo.png"; sourceTree = "<group>"; };
		71479B251EE2551600DA58B5 /* AppIcon.appiconset */ = {isa = PBXFileReference; lastKnownFileType = folder; path = AppIcon.appiconset; sourceTree = "<group>"; };
		71479B271EE255B100DA58B5 /* Images.xcassets */ = {isa = PBXFileReference; lastKnownFileType = folder.assetcatalog; path = Images.xcassets; sourceTree = "<group>"; };
		717C88761ED02BAD00C18033 /* CalculatorEngine.swift */ = {isa = PBXFileReference; fileEncoding = 4; lastKnownFileType = sourcecode.swift; path = CalculatorEngine.swift; sourceTree = "<group>"; };
		71C6736D1ED23326000CFF5A /* TapeStack.swift */ = {isa = PBXFileReference; fileEncoding = 4; lastKnownFileType = sourcecode.swift; path = TapeStack.swift; sourceTree = "<group>"; };
/* End PBXFileReference section */

/* Begin PBXFrameworksBuildPhase section */
		711D1E5A1EC77A820010D90C /* Frameworks */ = {
			isa = PBXFrameworksBuildPhase;
			buildActionMask = 2147483647;
			files = (
			);
			runOnlyForDeploymentPostprocessing = 0;
		};
/* End PBXFrameworksBuildPhase section */

/* Begin PBXGroup section */
		711D1E541EC77A820010D90C = {
			isa = PBXGroup;
			children = (
				71479B211EE24A5C00DA58B5 /* Calculus Logo.png */,
				711D1E5F1EC77A820010D90C /* Calculus */,
				711D1E5E1EC77A820010D90C /* Products */,
			);
			sourceTree = "<group>";
		};
		711D1E5E1EC77A820010D90C /* Products */ = {
			isa = PBXGroup;
			children = (
				711D1E5D1EC77A820010D90C /* Calculus.app */,
			);
			name = Products;
			sourceTree = "<group>";
		};
		711D1E5F1EC77A820010D90C /* Calculus */ = {
			isa = PBXGroup;
			children = (
				71479B251EE2551600DA58B5 /* AppIcon.appiconset */,
				711D1E601EC77A820010D90C /* AppDelegate.swift */,
				711D1E621EC77A820010D90C /* ViewController.swift */,
				711D1E641EC77A820010D90C /* Main.storyboard */,
				711D1E6C1EC77A820010D90C /* LaunchScreen.storyboard */,
				711D1E6F1EC77A820010D90C /* Info.plist */,
				711D1E671EC77A820010D90C /* Calculus.xcdatamodeld */,
				717C88761ED02BAD00C18033 /* CalculatorEngine.swift */,
				71C6736D1ED23326000CFF5A /* TapeStack.swift */,
				71479B271EE255B100DA58B5 /* Images.xcassets */,
			);
			path = Calculus;
			sourceTree = "<group>";
		};
/* End PBXGroup section */

/* Begin PBXNativeTarget section */
		711D1E5C1EC77A820010D90C /* Calculus */ = {
			isa = PBXNativeTarget;
			buildConfigurationList = 711D1E721EC77A820010D90C /* Build configuration list for PBXNativeTarget "Calculus" */;
			buildPhases = (
				711D1E591EC77A820010D90C /* Sources */,
				711D1E5A1EC77A820010D90C /* Frameworks */,
				711D1E5B1EC77A820010D90C /* Resources */,
			);
			buildRules = (
			);
			dependencies = (
			);
			name = Calculus;
			productName = Calculus;
			productReference = 711D1E5D1EC77A820010D90C /* Calculus.app */;
			productType = "com.apple.product-type.application";
		};
/* End PBXNativeTarget section */

/* Begin PBXProject section */
		711D1E551EC77A820010D90C /* Project object */ = {
			isa = PBXProject;
			attributes = {
				LastSwiftUpdateCheck = 0830;
				LastUpgradeCheck = 0830;
				ORGANIZATIONNAME = "Mehdhi Nawaz";
				TargetAttributes = {
					711D1E5C1EC77A820010D90C = {
						CreatedOnToolsVersion = 8.3.2;
						DevelopmentTeam = 68XRSVX795;
						ProvisioningStyle = Automatic;
					};
				};
			};
			buildConfigurationList = 711D1E581EC77A820010D90C /* Build configuration list for PBXProject "Calculus" */;
			compatibilityVersion = "Xcode 3.2";
			developmentRegion = English;
			hasScannedForEncodings = 0;
			knownRegions = (
				en,
				Base,
			);
			mainGroup = 711D1E541EC77A820010D90C;
			productRefGroup = 711D1E5E1EC77A820010D90C /* Products */;
			projectDirPath = "";
			projectRoot = "";
			targets = (
				711D1E5C1EC77A820010D90C /* Calculus */,
			);
		};
/* End PBXProject section */

/* Begin PBXResourcesBuildPhase section */
		711D1E5B1EC77A820010D90C /* Resources */ = {
			isa = PBXResourcesBuildPhase;
			buildActionMask = 2147483647;
			files = (
				71479B261EE2551600DA58B5 /* AppIcon.appiconset in Resources */,
				71479B281EE255B100DA58B5 /* Images.xcassets in Resources */,
				711D1E6E1EC77A820010D90C /* LaunchScreen.storyboard in Resources */,
				71479B221EE24A5C00DA58B5 /* Calculus Logo.png in Resources */,
				711D1E661EC77A820010D90C /* Main.storyboard in Resources */,
			);
			runOnlyForDeploymentPostprocessing = 0;
		};
/* End PBXResourcesBuildPhase section */

/* Begin PBXSourcesBuildPhase section */
		711D1E591EC77A820010D90C /* Sources */ = {
			isa = PBXSourcesBuildPhase;
			buildActionMask = 2147483647;
			files = (
				711D1E691EC77A820010D90C /* Calculus.xcdatamodeld in Sources */,
				717C88771ED02BAD00C18033 /* CalculatorEngine.swift in Sources */,
				711D1E631EC77A820010D90C /* ViewController.swift in Sources */,
				711D1E611EC77A820010D90C /* AppDelegate.swift in Sources */,
				71C6736E1ED23326000CFF5A /* TapeStack.swift in Sources */,
			);
			runOnlyForDeploymentPostprocessing = 0;
		};
/* End PBXSourcesBuildPhase section */

/* Begin PBXVariantGroup section */
		711D1E641EC77A820010D90C /* Main.storyboard */ = {
			isa = PBXVariantGroup;
			children = (
				711D1E651EC77A820010D90C /* Base */,
			);
			name = Main.storyboard;
			sourceTree = "<group>";
		};
		711D1E6C1EC77A820010D90C /* LaunchScreen.storyboard */ = {
			isa = PBXVariantGroup;
			children = (
				711D1E6D1EC77A820010D90C /* Base */,
			);
			name = LaunchScreen.storyboard;
			sourceTree = "<group>";
		};
/* End PBXVariantGroup section */

/* Begin XCBuildConfiguration section */
		711D1E701EC77A820010D90C /* Debug */ = {
			isa = XCBuildConfiguration;
			buildSettings = {
				ALWAYS_SEARCH_USER_PATHS = NO;
				CLANG_ANALYZER_NONNULL = YES;
				CLANG_ANALYZER_NUMBER_OBJECT_CONVERSION = YES_AGGRESSIVE;
				CLANG_CXX_LANGUAGE_STANDARD = "gnu++0x";
				CLANG_CXX_LIBRARY = "libc++";
				CLANG_ENABLE_MODULES = YES;
				CLANG_ENABLE_OBJC_ARC = YES;
				CLANG_WARN_BOOL_CONVERSION = YES;
				CLANG_WARN_CONSTANT_CONVERSION = YES;
				CLANG_WARN_DIRECT_OBJC_ISA_USAGE = YES_ERROR;
				CLANG_WARN_DOCUMENTATION_COMMENTS = YES;
				CLANG_WARN_EMPTY_BODY = YES;
				CLANG_WARN_ENUM_CONVERSION = YES;
				CLANG_WARN_INFINITE_RECURSION = YES;
				CLANG_WARN_INT_CONVERSION = YES;
				CLANG_WARN_OBJC_ROOT_CLASS = YES_ERROR;
				CLANG_WARN_SUSPICIOUS_MOVE = YES;
				CLANG_WARN_UNREACHABLE_CODE = YES;
				CLANG_WARN__DUPLICATE_METHOD_MATCH = YES;
				"CODE_SIGN_IDENTITY[sdk=iphoneos*]" = "iPhone Developer";
				COPY_PHASE_STRIP = NO;
				DEBUG_INFORMATION_FORMAT = dwarf;
				ENABLE_STRICT_OBJC_MSGSEND = YES;
				ENABLE_TESTABILITY = YES;
				GCC_C_LANGUAGE_STANDARD = gnu99;
				GCC_DYNAMIC_NO_PIC = NO;
				GCC_NO_COMMON_BLOCKS = YES;
				GCC_OPTIMIZATION_LEVEL = 0;
				GCC_PREPROCESSOR_DEFINITIONS = (
					"DEBUG=1",
					"$(inherited)",
				);
				GCC_WARN_64_TO_32_BIT_CONVERSION = YES;
				GCC_WARN_ABOUT_RETURN_TYPE = YES_ERROR;
				GCC_WARN_UNDECLARED_SELECTOR = YES;
				GCC_WARN_UNINITIALIZED_AUTOS = YES_AGGRESSIVE;
				GCC_WARN_UNUSED_FUNCTION = YES;
				GCC_WARN_UNUSED_VARIABLE = YES;
				IPHONEOS_DEPLOYMENT_TARGET = 10.3;
				MTL_ENABLE_DEBUG_INFO = YES;
				ONLY_ACTIVE_ARCH = YES;
				SDKROOT = iphoneos;
				SWIFT_ACTIVE_COMPILATION_CONDITIONS = DEBUG;
				SWIFT_OPTIMIZATION_LEVEL = "-Onone";
			};
			name = Debug;
		};
		711D1E711EC77A820010D90C /* Release */ = {
			isa = XCBuildConfiguration;
			buildSettings = {
				ALWAYS_SEARCH_USER_PATHS = NO;
				CLANG_ANALYZER_NONNULL = YES;
				CLANG_ANALYZER_NUMBER_OBJECT_CONVERSION = YES_AGGRESSIVE;
				CLANG_CXX_LANGUAGE_STANDARD = "gnu++0x";
				CLANG_CXX_LIBRARY = "libc++";
				CLANG_ENABLE_MODULES = YES;
				CLANG_ENABLE_OBJC_ARC = YES;
				CLANG_WARN_BOOL_CONVERSION = YES;
				CLANG_WARN_CONSTANT_CONVERSION = YES;
				CLANG_WARN_DIRECT_OBJC_ISA_USAGE = YES_ERROR;
				CLANG_WARN_DOCUMENTATION_COMMENTS = YES;
				CLANG_WARN_EMPTY_BODY = YES;
				CLANG_WARN_ENUM_CONVERSION = YES;
				CLANG_WARN_INFINITE_RECURSION = YES;
				CLANG_WARN_INT_CONVERSION = YES;
				CLANG_WARN_OBJC_ROOT_CLASS = YES_ERROR;
				CLANG_WARN_SUSPICIOUS_MOVE = YES;
				CLANG_WARN_UNREACHABLE_CODE = YES;
				CLANG_WARN__DUPLICATE_METHOD_MATCH = YES;
				"CODE_SIGN_IDENTITY[sdk=iphoneos*]" = "iPhone Developer";
				COPY_PHASE_STRIP = NO;
				DEBUG_INFORMATION_FORMAT = "dwarf-with-dsym";
				ENABLE_NS_ASSERTIONS = NO;
				ENABLE_STRICT_OBJC_MSGSEND = YES;
				GCC_C_LANGUAGE_STANDARD = gnu99;
				GCC_NO_COMMON_BLOCKS = YES;
				GCC_WARN_64_TO_32_BIT_CONVERSION = YES;
				GCC_WARN_ABOUT_RETURN_TYPE = YES_ERROR;
				GCC_WARN_UNDECLARED_SELECTOR = YES;
				GCC_WARN_UNINITIALIZED_AUTOS = YES_AGGRESSIVE;
				GCC_WARN_UNUSED_FUNCTION = YES;
				GCC_WARN_UNUSED_VARIABLE = YES;
				IPHONEOS_DEPLOYMENT_TARGET = 10.3;
				MTL_ENABLE_DEBUG_INFO = NO;
				SDKROOT = iphoneos;
				SWIFT_OPTIMIZATION_LEVEL = "-Owholemodule";
				VALIDATE_PRODUCT = YES;
			};
			name = Release;
		};
		711D1E731EC77A820010D90C /* Debug */ = {
			isa = XCBuildConfiguration;
			buildSettings = {
				ASSETCATALOG_COMPILER_APPICON_NAME = AppIcon;
				"CODE_SIGN_IDENTITY[sdk=iphoneos*]" = "iPhone Developer";
				DEVELOPMENT_TEAM = 68XRSVX795;
				INFOPLIST_FILE = Calculus/Info.plist;
				LD_RUNPATH_SEARCH_PATHS = "$(inherited) @executable_path/Frameworks";
				PRODUCT_BUNDLE_IDENTIFIER = lk.ac.iit.mehdhi.Calculus;
				PRODUCT_NAME = "$(TARGET_NAME)";
				PROVISIONING_PROFILE_SPECIFIER = "";
				SWIFT_VERSION = 3.0;
				TARGETED_DEVICE_FAMILY = 1;
			};
			name = Debug;
		};
		711D1E741EC77A820010D90C /* Release */ = {
			isa = XCBuildConfiguration;
			buildSettings = {
				ASSETCATALOG_COMPILER_APPICON_NAME = AppIcon;
				"CODE_SIGN_IDENTITY[sdk=iphoneos*]" = "iPhone Developer";
				DEVELOPMENT_TEAM = 68XRSVX795;
				INFOPLIST_FILE = Calculus/Info.plist;
				LD_RUNPATH_SEARCH_PATHS = "$(inherited) @executable_path/Frameworks";
				PRODUCT_BUNDLE_IDENTIFIER = lk.ac.iit.mehdhi.Calculus;
				PRODUCT_NAME = "$(TARGET_NAME)";
				PROVISIONING_PROFILE_SPECIFIER = "";
				SWIFT_VERSION = 3.0;
				TARGETED_DEVICE_FAMILY = 1;
			};
			name = Release;
		};
/* End XCBuildConfiguration section */

/* Begin XCConfigurationList section */
		711D1E581EC77A820010D90C /* Build configuration list for PBXProject "Calculus" */ = {
			isa = XCConfigurationList;
			buildConfigurations = (
				711D1E701EC77A820010D90C /* Debug */,
				711D1E711EC77A820010D90C /* Release */,
			);
			defaultConfigurationIsVisible = 0;
			defaultConfigurationName = Release;
		};
		711D1E721EC77A820010D90C /* Build configuration list for PBXNativeTarget "Calculus" */ = {
			isa = XCConfigurationList;
			buildConfigurations = (
				711D1E731EC77A820010D90C /* Debug */,
				711D1E741EC77A820010D90C /* Release */,
			);
			defaultConfigurationIsVisible = 0;
			defaultConfigurationName = Release;
		};
/* End XCConfigurationList section */

/* Begin XCVersionGroup section */
		711D1E671EC77A820010D90C /* Calculus.xcdatamodeld */ = {
			isa = XCVersionGroup;
			children = (
				711D1E681EC77A820010D90C /* Calculus.xcdatamodel */,
			);
			currentVersion = 711D1E681EC77A820010D90C /* Calculus.xcdatamodel */;
			path = Calculus.xcdatamodeld;
			sourceTree = "<group>";
			versionGroupType = wrapper.xcdatamodel;
		};
/* End XCVersionGroup section */
	};
	rootObject = 711D1E551EC77A820010D90C /* Project object */;
}
